
Microsoft Visual Studio Solution File, Format Version 12.00
# Visual Studio Version 17
VisualStudioVersion = 17.3.32929.385
MinimumVisualStudioVersion = 10.0.40219.1
Project("{FAE04EC0-301F-11D3-BF4B-00C04F79EFBC}") = "backend", "backend\backend.csproj", "{4D4E54D7-A123-4DD0-AE51-0120430346F2}"
EndProject
Global
	GlobalSection(SolutionConfigurationPlatforms) = preSolution
		Debug|Any CPU = Debug|Any CPU
		Release|Any CPU = Release|Any CPU
	EndGlobalSection
	GlobalSection(ProjectConfigurationPlatforms) = postSolution
		{4D4E54D7-A123-4DD0-AE51-0120430346F2}.Debug|Any CPU.ActiveCfg = Debug|Any CPU
		{4D4E54D7-A123-4DD0-AE51-0120430346F2}.Debug|Any CPU.Build.0 = Debug|Any CPU
		{4D4E54D7-A123-4DD0-AE51-0120430346F2}.Release|Any CPU.ActiveCfg = Release|Any CPU
		{4D4E54D7-A123-4DD0-AE51-0120430346F2}.Release|Any CPU.Build.0 = Release|Any CPU
	EndGlobalSection
	GlobalSection(SolutionProperties) = preSolution
		HideSolutionNode = FALSE
	EndGlobalSection
	GlobalSection(ExtensibilityGlobals) = postSolution
		SolutionGuid = {64625298-A8E8-4B1E-8A89-38AD0C84B4CD}
	EndGlobalSection
EndGlobal
